{
  "lockfile_version": "1",
  "packages": {
    "git@latest": {
      "last_modified": "2026-08-01T16:34:20Z",
      "resolved": "github:NixOS/nixpkgs/a5cbcfe954791221bfffe2307f7d1a1bf61a871e#git",
      "source": "devbox-search",
      "version": "2.55.0",
      "systems": {
        "aarch64-darwin": {
          "outputs": [
            {
              "name": "out",
              "path": "/nix/store/rim5n939lwjc8mah63ld1q31i6n7bvf0-git-2.55.0",
              "default": true
            },
            {
              "name": "doc",
              "path": "/nix/store/y34pxb3x3h1gyvcfvanqlfjzm0c86cb4-git-2.55.0-doc"
            }
          ],
          "store_path": "/nix/store/rim5n939lwjc8mah63ld1q31i6n7bvf0-git-2.55.0"
        },
        "aarch64-linux": {
          "outputs": [
            {
              "name": "out",
              "path": "/nix/store/v2iradivx07xjqwk2q71i57pwxw6wh4g-git-2.55.0",
              "default": true
            },
            {
              "name": "debug",
              "path": "/nix/store/nsck4ncjjmdy8c5h83yw297c7xxv64xx-git-2.55.0-debug"
            },
            {
              "name": "doc",
              "path": "/nix/store/bz8bdi34lg4w10kxs9bm93658ary5rrz-git-2.55.0-doc"
            }
          ],
          "store_path": "/nix/store/v2iradivx07xjqwk2q71i57pwxw6wh4g-git-2.55.0"
        },
        "x86_64-linux": {
          "outputs": [
            {
              "name": "out",
              "path": "/nix/store/6f0qqak4qbcrbw4f750phr88c9yhpf5s-git-2.55.0",
              "default": true
            },
            {
              "name": "debug",
              "path": "/nix/store/rwiamhfaqkns90xsalafayg01afk3pza-git-2.55.0-debug"
            },
            {
              "name": "doc",
              "path": "/nix/store/bddpyi6cgkp3v8f58i900hymgfvkyag5-git-2.55.0-doc"
            }
          ],
          "store_path": "/nix/store/6f0qqak4qbcrbw4f750phr88c9yhpf5s-git-2.55.0"
        }
      }
    },
    "github:NixOS/nixpkgs/nixpkgs-unstable": {
      "last_modified": "2026-07-24T05:48:35Z",
      "resolved": "github:NixOS/nixpkgs/335f0738cb2fa9708f3f428e39d2eae975d1338d?lastModified=1784872115&narHash=sha256-THPEF2po0fsoH8gNtp%2BAe0XFDJH3N%2Fol7xO3v6VMTJU%3D"
    },
    "go@latest": {
      "last_modified": "2026-08-01T16:34:20Z",
      "resolved": "github:NixOS/nixpkgs/a5cbcfe954791221bfffe2307f7d1a1bf61a871e#go",
      "source": "devbox-search",
      "version": "1.26.5",
      "systems": {
        "aarch64-darwin": {
          "outputs": [
            {
              "name": "out",
              "path": "/nix/store/8g06ffyaas333hzhsjcd50nqbsldqjhh-go-1.26.5",
              "default": true
            }
          ],
          "store_path": "/nix/store/8g06ffyaas333hzhsjcd50nqbsldqjhh-go-1.26.5"
        },
        "aarch64-linux": {
          "outputs": [
            {
              "name": "out",
              "path": "/nix/store/p8wbwrmaqggbg1griwkcjag8lbkgz0qg-go-1.26.5",
              "default": true
            }
          ],
          "store_path": "/nix/store/p8wbwrmaqggbg1griwkcjag8lbkgz0qg-go-1.26.5"
        },
        "x86_64-linux": {
          "outputs": [
            {
              "name": "out",
              "path": "/nix/store/pwj3x44pp735yb038fnmqckyyra9k29x-go-1.26.5",
              "default": true
            }
          ],
          "store_path": "/nix/store/pwj3x44pp735yb038fnmqckyyra9k29x-go-1.26.5"
        }
      }
    },
    "tailwindcss_4@4.2.4": {
      "last_modified": "2026-04-30T11:26:30Z",
      "resolved": "github:NixOS/nixpkgs/7aaa00e7cc9be6c316cb5f6617bd740dd435c59d#tailwindcss_4",
      "source": "devbox-search",
      "version": "4.2.4",
      "systems": {
        "aarch64-darwin": {
          "outputs": [
            {
              "name": "out",
              "path": "/nix/store/fpcmaqm4a8df6c38wzh5lz7s7d12178q-tailwindcss_4-4.2.4",
              "default": true
            }
          ],
          "store_path": "/nix/store/fpcmaqm4a8df6c38wzh5lz7s7d12178q-tailwindcss_4-4.2.4"
        },
        "aarch64-linux": {
          "outputs": [
            {
              "name": "out",
              "path": "/nix/store/0lpspr6148nkaj737q8vdhjdfqc41bhy-tailwindcss_4-4.2.4",
              "default": true
            }
          ],
          "store_path": "/nix/store/0lpspr6148nkaj737q8vdhjdfqc41bhy-tailwindcss_4-4.2.4"
        },
        "x86_64-darwin": {
          "outputs": [
            {
              "name": "out",
              "path": "/nix/store/36fkkxav9kvwn0g3571gf3cay92vwyix-tailwindcss_4-4.2.4",
              "default": true
            }
          ],
          "store_path": "/nix/store/36fkkxav9kvwn0g3571gf3cay92vwyix-tailwindcss_4-4.2.4"
        },
        "x86_64-linux": {
          "outputs": [
            {
              "name": "out",
              "path": "/nix/store/b2gin3qh8wf0yk5j31cpnmhphn0ikwv1-tailwindcss_4-4.2.4",
              "default": true
            }
          ],
          "store_path": "/nix/store/b2gin3qh8wf0yk5j31cpnmhphn0ikwv1-tailwindcss_4-4.2.4"
        }
      }
    },
    "valkey@latest": {
      "last_modified": "2026-08-01T16:34:20Z",
      "plugin_version": "0.0.1",
      "resolved": "github:NixOS/nixpkgs/a5cbcfe954791221bfffe2307f7d1a1bf61a871e#valkey",
      "source": "devbox-search",
      "version": "9.1.1",
      "systems": {
        "aarch64-darwin": {
          "outputs": [
            {
              "name": "out",
              "path": "/nix/store/mjibnb47dimw1la9brgllxxz78936kbm-valkey-9.1.1",
              "default": true
            }
          ],
          "store_path": "/nix/store/mjibnb47dimw1la9brgllxxz78936kbm-valkey-9.1.1"
        },
        "aarch64-linux": {
          "outputs": [
            {
              "name": "out",
              "path": "/nix/store/r66kan21m6xjh7wwpb8rh2f163hzgyiy-valkey-9.1.1",
              "default": true
            }
          ],
          "store_path": "/nix/store/r66kan21m6xjh7wwpb8rh2f163hzgyiy-valkey-9.1.1"
        },
        "x86_64-linux": {
          "outputs": [
            {
              "name": "out",
              "path": "/nix/store/hz2i07r94b7lkr5v9l2918p3bijx42q8-valkey-9.1.1",
              "default": true
            }
          ],
          "store_path": "/nix/store/hz2i07r94b7lkr5v9l2918p3bijx42q8-valkey-9.1.1"
        }
      }
    }
  }
}
